{
    "_meta": {
        "hash": {
            "sha256": "d909dc0d41190e8ec89d186df37a0d7089cc101fb9658449bf8179e5705487d1"
        },
        "pipfile-spec": 6,
        "requires": {
            "python_version": "3.8"
        },
        "sources": [
            {
                "name": "pypi",
                "url": "https://pypi.org/simple",
                "verify_ssl": true
            }
        ]
    },
    "default": {},
    "develop": {}
}
